
Microsoft Visual Studio Solution File, Format Version 12.00
# Visual Studio 2012
Project("{FAE04EC0-301F-11D3-BF4B-00C04F79EFBC}") = "ImageRipperWeb", "ImageRipperWeb\ImageRipperWeb.csproj", "{D77EB51B-4417-4281-B86F-FF7E3DD7CC6A}"
EndProject
Project("{FAE04EC0-301F-11D3-BF4B-00C04F79EFBC}") = "ImageUtil", "ImageUtil\ImageUtil.csproj", "{0CAA95EC-5EB3-4C94-A044-FD51851D57A5}"
EndProject
Project("{FAE04EC0-301F-11D3-BF4B-00C04F79EFBC}") = "Patteguf.dk", "Patteguf.dk\Patteguf.dk.csproj", "{525312F9-FFDB-41E2-BC66-EB581C81C56A}"
EndProject
Project("{FAE04EC0-301F-11D3-BF4B-00C04F79EFBC}") = "Numsegejl.dk", "numsegejl.dk\Numsegejl.dk.csproj", "{8C0CF0DC-79F3-4477-A3F5-2FC204D638F1}"
EndProject
Project("{FAE04EC0-301F-11D3-BF4B-00C04F79EFBC}") = "ViktorsVerden", "ViktorsVerden\ViktorsVerden.csproj", "{067FF199-07F0-43A6-9478-DA98DC0CC490}"
EndProject
Global
	GlobalSection(SolutionConfigurationPlatforms) = preSolution
		Debug|Any CPU = Debug|Any CPU
		Release|Any CPU = Release|Any CPU
	EndGlobalSection
	GlobalSection(ProjectConfigurationPlatforms) = postSolution
		{D77EB51B-4417-4281-B86F-FF7E3DD7CC6A}.Debug|Any CPU.ActiveCfg = Debug|Any CPU
		{D77EB51B-4417-4281-B86F-FF7E3DD7CC6A}.Debug|Any CPU.Build.0 = Debug|Any CPU
		{D77EB51B-4417-4281-B86F-FF7E3DD7CC6A}.Release|Any CPU.ActiveCfg = Release|Any CPU
		{D77EB51B-4417-4281-B86F-FF7E3DD7CC6A}.Release|Any CPU.Build.0 = Release|Any CPU
		{0CAA95EC-5EB3-4C94-A044-FD51851D57A5}.Debug|Any CPU.ActiveCfg = Debug|Any CPU
		{0CAA95EC-5EB3-4C94-A044-FD51851D57A5}.Debug|Any CPU.Build.0 = Debug|Any CPU
		{0CAA95EC-5EB3-4C94-A044-FD51851D57A5}.Release|Any CPU.ActiveCfg = Release|Any CPU
		{0CAA95EC-5EB3-4C94-A044-FD51851D57A5}.Release|Any CPU.Build.0 = Release|Any CPU
		{525312F9-FFDB-41E2-BC66-EB581C81C56A}.Debug|Any CPU.ActiveCfg = Debug|Any CPU
		{525312F9-FFDB-41E2-BC66-EB581C81C56A}.Debug|Any CPU.Build.0 = Debug|Any CPU
		{525312F9-FFDB-41E2-BC66-EB581C81C56A}.Release|Any CPU.ActiveCfg = Release|Any CPU
		{525312F9-FFDB-41E2-BC66-EB581C81C56A}.Release|Any CPU.Build.0 = Release|Any CPU
		{8C0CF0DC-79F3-4477-A3F5-2FC204D638F1}.Debug|Any CPU.ActiveCfg = Debug|Any CPU
		{8C0CF0DC-79F3-4477-A3F5-2FC204D638F1}.Debug|Any CPU.Build.0 = Debug|Any CPU
		{8C0CF0DC-79F3-4477-A3F5-2FC204D638F1}.Release|Any CPU.ActiveCfg = Release|Any CPU
		{8C0CF0DC-79F3-4477-A3F5-2FC204D638F1}.Release|Any CPU.Build.0 = Release|Any CPU
		{067FF199-07F0-43A6-9478-DA98DC0CC490}.Debug|Any CPU.ActiveCfg = Debug|Any CPU
		{067FF199-07F0-43A6-9478-DA98DC0CC490}.Debug|Any CPU.Build.0 = Debug|Any CPU
		{067FF199-07F0-43A6-9478-DA98DC0CC490}.Release|Any CPU.ActiveCfg = Release|Any CPU
		{067FF199-07F0-43A6-9478-DA98DC0CC490}.Release|Any CPU.Build.0 = Release|Any CPU
	EndGlobalSection
	GlobalSection(SolutionProperties) = preSolution
		HideSolutionNode = FALSE
	EndGlobalSection
EndGlobal
